
Microsoft Visual Studio Solution File, Format Version 12.00
# Visual Studio Version 16
VisualStudioVersion = 16.0.31321.278
MinimumVisualStudioVersion = 10.0.40219.1
Project("{FAE04EC0-301F-11D3-BF4B-00C04F79EFBC}") = "Rest_Kullanimi", "Rest_Kullanimi\Rest_Kullanimi.csproj", "{DA3C70CB-B9FB-4F35-A5DA-8CE471B5ADF6}"
EndProject
Global
	GlobalSection(SolutionConfigurationPlatforms) = preSolution
		Debug|Any CPU = Debug|Any CPU
		Release|Any CPU = Release|Any CPU
	EndGlobalSection
	GlobalSection(ProjectConfigurationPlatforms) = postSolution
		{DA3C70CB-B9FB-4F35-A5DA-8CE471B5ADF6}.Debug|Any CPU.ActiveCfg = Debug|Any CPU
		{DA3C70CB-B9FB-4F35-A5DA-8CE471B5ADF6}.Debug|Any CPU.Build.0 = Debug|Any CPU
		{DA3C70CB-B9FB-4F35-A5DA-8CE471B5ADF6}.Release|Any CPU.ActiveCfg = Release|Any CPU
		{DA3C70CB-B9FB-4F35-A5DA-8CE471B5ADF6}.Release|Any CPU.Build.0 = Release|Any CPU
	EndGlobalSection
	GlobalSection(SolutionProperties) = preSolution
		HideSolutionNode = FALSE
	EndGlobalSection
	GlobalSection(ExtensibilityGlobals) = postSolution
		SolutionGuid = {6FDA134F-222C-482A-902C-A004646CB05B}
	EndGlobalSection
EndGlobal
